
Microsoft Visual Studio Solution File, Format Version 12.00
# Visual Studio Version 17
VisualStudioVersion = 17.9.34728.123
MinimumVisualStudioVersion = 10.0.40219.1
Project("{FAE04EC0-301F-11D3-BF4B-00C04F79EFBC}") = "installerproyec", "installerproyec\installerproyec.csproj", "{8D186309-8299-4C04-BCC1-5ED44985265F}"
EndProject
Global
	GlobalSection(SolutionConfigurationPlatforms) = preSolution
		Debug|Any CPU = Debug|Any CPU
		Release|Any CPU = Release|Any CPU
	EndGlobalSection
	GlobalSection(ProjectConfigurationPlatforms) = postSolution
		{8D186309-8299-4C04-BCC1-5ED44985265F}.Debug|Any CPU.ActiveCfg = Debug|Any CPU
		{8D186309-8299-4C04-BCC1-5ED44985265F}.Debug|Any CPU.Build.0 = Debug|Any CPU
		{8D186309-8299-4C04-BCC1-5ED44985265F}.Release|Any CPU.ActiveCfg = Release|Any CPU
		{8D186309-8299-4C04-BCC1-5ED44985265F}.Release|Any CPU.Build.0 = Release|Any CPU
	EndGlobalSection
	GlobalSection(SolutionProperties) = preSolution
		HideSolutionNode = FALSE
	EndGlobalSection
	GlobalSection(ExtensibilityGlobals) = postSolution
		SolutionGuid = {3BB7A366-B2D0-4981-BD53-AAB12169765C}
	EndGlobalSection
EndGlobal
